{
  "name": "studierzimmer",
  "lockfileVersion": 3,
  "requires": true,
  "packages": {
    "": {
      "devDependencies": {
        "inkjs": "^2.3.1"
      }
    },
    "node_modules/inkjs": {
      "version": "2.3.1",
      "resolved": "https://registry.npmjs.org/inkjs/-/inkjs-2.3.1.tgz",
      "integrity": "sha512-xVjec+rFVPCWfnrFC91O7G1FaOrSzMTtjRwSmm/yzqy5MkHTZnZRpEzal1xgInGGV8BfLcg55theaSAs+v9TOg==",
      "dev": true,
      "license": "MIT",
      "bin": {
        "inkjs-compiler": "bin/inkjs-compiler.js"
      }
    }
  }
}
